// !$*UTF8*$!
{
	archiveVersion = 1;
	classes = {
	};
	objectVersion = 50;
	objects = {

/* Begin PBXBuildFile section */
		2D111B2F280F004000D3BC65 /* AppDelegate.swift in Sources */ = {isa = PBXBuildFile; fileRef = 2D111B2E280F004000D3BC65 /* AppDelegate.swift */; };
		2D111B31280F004000D3BC65 /* SceneDelegate.swift in Sources */ = {isa = PBXBuildFile; fileRef = 2D111B30280F004000D3BC65 /* SceneDelegate.swift */; };
		2D111B33280F004000D3BC65 /* ContentView.swift in Sources */ = {isa = PBXBuildFile; fileRef = 2D111B32280F004000D3BC65 /* ContentView.swift */; };
		2D111B36280F004000D3BC65 /* ApolloAlpha.xcdatamodeld in Sources */ = {isa = PBXBuildFile; fileRef = 2D111B34280F004000D3BC65 /* ApolloAlpha.xcdatamodeld */; };
		2D111B38280F004B00D3BC65 /* Assets.xcassets in Resources */ = {isa = PBXBuildFile; fileRef = 2D111B37280F004B00D3BC65 /* Assets.xcassets */; };
		2D111B3B280F004B00D3BC65 /* Preview Assets.xcassets in Resources */ = {isa = PBXBuildFile; fileRef = 2D111B3A280F004B00D3BC65 /* Preview Assets.xcassets */; };
		2D111B3E280F004B00D3BC65 /* LaunchScreen.storyboard in Resources */ = {isa = PBXBuildFile; fileRef = 2D111B3C280F004B00D3BC65 /* LaunchScreen.storyboard */; };
/* End PBXBuildFile section */

/* Begin PBXFileReference section */
		2D111B2B280F004000D3BC65 /* ApolloAlpha.app */ = {isa = PBXFileReference; explicitFileType = wrapper.application; includeInIndex = 0; path = ApolloAlpha.app; sourceTree = BUILT_PRODUCTS_DIR; };
		2D111B2E280F004000D3BC65 /* AppDelegate.swift */ = {isa = PBXFileReference; lastKnownFileType = sourcecode.swift; path = AppDelegate.swift; sourceTree = "<group>"; };
		2D111B30280F004000D3BC65 /* SceneDelegate.swift */ = {isa = PBXFileReference; lastKnownFileType = sourcecode.swift; path = SceneDelegate.swift; sourceTree = "<group>"; };
		2D111B32280F004000D3BC65 /* ContentView.swift */ = {isa = PBXFileReference; lastKnownFileType = sourcecode.swift; path = ContentView.swift; sourceTree = "<group>"; };
		2D111B35280F004000D3BC65 /* ApolloAlpha.xcdatamodel */ = {isa = PBXFileReference; lastKnownFileType = wrapper.xcdatamodel; path = ApolloAlpha.xcdatamodel; sourceTree = "<group>"; };
		2D111B37280F004B00D3BC65 /* Assets.xcassets */ = {isa = PBXFileReference; lastKnownFileType = folder.assetcatalog; path = Assets.xcassets; sourceTree = "<group>"; };
		2D111B3A280F004B00D3BC65 /* Preview Assets.xcassets */ = {isa = PBXFileReference; lastKnownFileType = folder.assetcatalog; path = "Preview Assets.xcassets"; sourceTree = "<group>"; };
		2D111B3D280F004B00D3BC65 /* Base */ = {isa = PBXFileReference; lastKnownFileType = file.storyboard; name = Base; path = Base.lproj/LaunchScreen.storyboard; sourceTree = "<group>"; };
		2D111B3F280F004B00D3BC65 /* Info.plist */ = {isa = PBXFileReference; lastKnownFileType = text.plist.xml; path = Info.plist; sourceTree = "<group>"; };
/* End PBXFileReference section */

/* Begin PBXFrameworksBuildPhase section */
		2D111B28280F004000D3BC65 /* Frameworks */ = {
			isa = PBXFrameworksBuildPhase;
			buildActionMask = 2147483647;
			files = (
			);
			runOnlyForDeploymentPostprocessing = 0;
		};
/* End PBXFrameworksBuildPhase section */

/* Begin PBXGroup section */
		2D111B22280F004000D3BC65 = {
			isa = PBXGroup;
			children = (
				2D111B2D280F004000D3BC65 /* ApolloAlpha */,
				2D111B2C280F004000D3BC65 /* Products */,
			);
			sourceTree = "<group>";
		};
		2D111B2C280F004000D3BC65 /* Products */ = {
			isa = PBXGroup;
			children = (
				2D111B2B280F004000D3BC65 /* ApolloAlpha.app */,
			);
			name = Products;
			sourceTree = "<group>";
		};
		2D111B2D280F004000D3BC65 /* ApolloAlpha */ = {
			isa = PBXGroup;
			children = (
				2D111B2E280F004000D3BC65 /* AppDelegate.swift */,
				2D111B30280F004000D3BC65 /* SceneDelegate.swift */,
				2D111B32280F004000D3BC65 /* ContentView.swift */,
				2D111B37280F004B00D3BC65 /* Assets.xcassets */,
				2D111B3C280F004B00D3BC65 /* LaunchScreen.storyboard */,
				2D111B3F280F004B00D3BC65 /* Info.plist */,
				2D111B34280F004000D3BC65 /* ApolloAlpha.xcdatamodeld */,
				2D111B39280F004B00D3BC65 /* Preview Content */,
			);
			path = ApolloAlpha;
			sourceTree = "<group>";
		};
		2D111B39280F004B00D3BC65 /* Preview Content */ = {
			isa = PBXGroup;
			children = (
				2D111B3A280F004B00D3BC65 /* Preview Assets.xcassets */,
			);
			path = "Preview Content";
			sourceTree = "<group>";
		};
/* End PBXGroup section */

/* Begin PBXNativeTarget section */
		2D111B2A280F004000D3BC65 /* ApolloAlpha */ = {
			isa = PBXNativeTarget;
			buildConfigurationList = 2D111B42280F004B00D3BC65 /* Build configuration list for PBXNativeTarget "ApolloAlpha" */;
			buildPhases = (
				2D111B27280F004000D3BC65 /* Sources */,
				2D111B28280F004000D3BC65 /* Frameworks */,
				2D111B29280F004000D3BC65 /* Resources */,
			);
			buildRules = (
			);
			dependencies = (
			);
			name = ApolloAlpha;
			productName = ApolloAlpha;
			productReference = 2D111B2B280F004000D3BC65 /* ApolloAlpha.app */;
			productType = "com.apple.product-type.application";
		};
/* End PBXNativeTarget section */

/* Begin PBXProject section */
		2D111B23280F004000D3BC65 /* Project object */ = {
			isa = PBXProject;
			attributes = {
				LastSwiftUpdateCheck = 1240;
				LastUpgradeCheck = 1240;
				TargetAttributes = {
					2D111B2A280F004000D3BC65 = {
						CreatedOnToolsVersion = 12.4;
					};
				};
			};
			buildConfigurationList = 2D111B26280F004000D3BC65 /* Build configuration list for PBXProject "ApolloAlpha" */;
			compatibilityVersion = "Xcode 9.3";
			developmentRegion = en;
			hasScannedForEncodings = 0;
			knownRegions = (
				en,
				Base,
			);
			mainGroup = 2D111B22280F004000D3BC65;
			productRefGroup = 2D111B2C280F004000D3BC65 /* Products */;
			projectDirPath = "";
			projectRoot = "";
			targets = (
				2D111B2A280F004000D3BC65 /* ApolloAlpha */,
			);
		};
/* End PBXProject section */

/* Begin PBXResourcesBuildPhase section */
		2D111B29280F004000D3BC65 /* Resources */ = {
			isa = PBXResourcesBuildPhase;
			buildActionMask = 2147483647;
			files = (
				2D111B3E280F004B00D3BC65 /* LaunchScreen.storyboard in Resources */,
				2D111B3B280F004B00D3BC65 /* Preview Assets.xcassets in Resources */,
				2D111B38280F004B00D3BC65 /* Assets.xcassets in Resources */,
			);
			runOnlyForDeploymentPostprocessing = 0;
		};
/* End PBXResourcesBuildPhase section */

/* Begin PBXSourcesBuildPhase section */
		2D111B27280F004000D3BC65 /* Sources */ = {
			isa = PBXSourcesBuildPhase;
			buildActionMask = 2147483647;
			files = (
				2D111B2F280F004000D3BC65 /* AppDelegate.swift in Sources */,
				2D111B36280F004000D3BC65 /* ApolloAlpha.xcdatamodeld in Sources */,
				2D111B31280F004000D3BC65 /* SceneDelegate.swift in Sources */,
				2D111B33280F004000D3BC65 /* ContentView.swift in Sources */,
			);
			runOnlyForDeploymentPostprocessing = 0;
		};
/* End PBXSourcesBuildPhase section */

/* Begin PBXVariantGroup section */
		2D111B3C280F004B00D3BC65 /* LaunchScreen.storyboard */ = {
			isa = PBXVariantGroup;
			children = (
				2D111B3D280F004B00D3BC65 /* Base */,
			);
			name = LaunchScreen.storyboard;
			sourceTree = "<group>";
		};
/* End PBXVariantGroup section */

/* Begin XCBuildConfiguration section */
		2D111B40280F004B00D3BC65 /* Debug */ = {
			isa = XCBuildConfiguration;
			buildSettings = {
				ALWAYS_SEARCH_USER_PATHS = NO;
				CLANG_ANALYZER_NONNULL = YES;
				CLANG_ANALYZER_NUMBER_OBJECT_CONVERSION = YES_AGGRESSIVE;
				CLANG_CXX_LANGUAGE_STANDARD = "gnu++14";
				CLANG_CXX_LIBRARY = "libc++";
				CLANG_ENABLE_MODULES = YES;
				CLANG_ENABLE_OBJC_ARC = YES;
				CLANG_ENABLE_OBJC_WEAK = YES;
				CLANG_WARN_BLOCK_CAPTURE_AUTORELEASING = YES;
				CLANG_WARN_BOOL_CONVERSION = YES;
				CLANG_WARN_COMMA = YES;
				CLANG_WARN_CONSTANT_CONVERSION = YES;
				CLANG_WARN_DEPRECATED_OBJC_IMPLEMENTATIONS = YES;
				CLANG_WARN_DIRECT_OBJC_ISA_USAGE = YES_ERROR;
				CLANG_WARN_DOCUMENTATION_COMMENTS = YES;
				CLANG_WARN_EMPTY_BODY = YES;
				CLANG_WARN_ENUM_CONVERSION = YES;
				CLANG_WARN_INFINITE_RECURSION = YES;
				CLANG_WARN_INT_CONVERSION = YES;
				CLANG_WARN_NON_LITERAL_NULL_CONVERSION = YES;
				CLANG_WARN_OBJC_IMPLICIT_RETAIN_SELF = YES;
				CLANG_WARN_OBJC_LITERAL_CONVERSION = YES;
				CLANG_WARN_OBJC_ROOT_CLASS = YES_ERROR;
				CLANG_WARN_QUOTED_INCLUDE_IN_FRAMEWORK_HEADER = YES;
				CLANG_WARN_RANGE_LOOP_ANALYSIS = YES;
				CLANG_WARN_STRICT_PROTOTYPES = YES;
				CLANG_WARN_SUSPICIOUS_MOVE = YES;
				CLANG_WARN_UNGUARDED_AVAILABILITY = YES_AGGRESSIVE;
				CLANG_WARN_UNREACHABLE_CODE = YES;
				CLANG_WARN__DUPLICATE_METHOD_MATCH = YES;
				COPY_PHASE_STRIP = NO;
				DEBUG_INFORMATION_FORMAT = dwarf;
				ENABLE_STRICT_OBJC_MSGSEND = YES;
				ENABLE_TESTABILITY = YES;
				GCC_C_LANGUAGE_STANDARD = gnu11;
				GCC_DYNAMIC_NO_PIC = NO;
				GCC_NO_COMMON_BLOCKS = YES;
				GCC_OPTIMIZATION_LEVEL = 0;
				GCC_PREPROCESSOR_DEFINITIONS = (
					"DEBUG=1",
					"$(inherited)",
				);
				GCC_WARN_64_TO_32_BIT_CONVERSION = YES;
				GCC_WARN_ABOUT_RETURN_TYPE = YES_ERROR;
				GCC_WARN_UNDECLARED_SELECTOR = YES;
				GCC_WARN_UNINITIALIZED_AUTOS = YES_AGGRESSIVE;
				GCC_WARN_UNUSED_FUNCTION = YES;
				GCC_WARN_UNUSED_VARIABLE = YES;
				IPHONEOS_DEPLOYMENT_TARGET = 14.4;
				MTL_ENABLE_DEBUG_INFO = INCLUDE_SOURCE;
				MTL_FAST_MATH = YES;
				ONLY_ACTIVE_ARCH = YES;
				SDKROOT = iphoneos;
				SWIFT_ACTIVE_COMPILATION_CONDITIONS = DEBUG;
				SWIFT_OPTIMIZATION_LEVEL = "-Onone";
			};
			name = Debug;
		};
		2D111B41280F004B00D3BC65 /* Release */ = {
			isa = XCBuildConfiguration;
			buildSettings = {
				ALWAYS_SEARCH_USER_PATHS = NO;
				CLANG_ANALYZER_NONNULL = YES;
				CLANG_ANALYZER_NUMBER_OBJECT_CONVERSION = YES_AGGRESSIVE;
				CLANG_CXX_LANGUAGE_STANDARD = "gnu++14";
				CLANG_CXX_LIBRARY = "libc++";
				CLANG_ENABLE_MODULES = YES;
				CLANG_ENABLE_OBJC_ARC = YES;
				CLANG_ENABLE_OBJC_WEAK = YES;
				CLANG_WARN_BLOCK_CAPTURE_AUTORELEASING = YES;
				CLANG_WARN_BOOL_CONVERSION = YES;
				CLANG_WARN_COMMA = YES;
				CLANG_WARN_CONSTANT_CONVERSION = YES;
				CLANG_WARN_DEPRECATED_OBJC_IMPLEMENTATIONS = YES;
				CLANG_WARN_DIRECT_OBJC_ISA_USAGE = YES_ERROR;
				CLANG_WARN_DOCUMENTATION_COMMENTS = YES;
				CLANG_WARN_EMPTY_BODY = YES;
				CLANG_WARN_ENUM_CONVERSION = YES;
				CLANG_WARN_INFINITE_RECURSION = YES;
				CLANG_WARN_INT_CONVERSION = YES;
				CLANG_WARN_NON_LITERAL_NULL_CONVERSION = YES;
				CLANG_WARN_OBJC_IMPLICIT_RETAIN_SELF = YES;
				CLANG_WARN_OBJC_LITERAL_CONVERSION = YES;
				CLANG_WARN_OBJC_ROOT_CLASS = YES_ERROR;
				CLANG_WARN_QUOTED_INCLUDE_IN_FRAMEWORK_HEADER = YES;
				CLANG_WARN_RANGE_LOOP_ANALYSIS = YES;
				CLANG_WARN_STRICT_PROTOTYPES = YES;
				CLANG_WARN_SUSPICIOUS_MOVE = YES;
				CLANG_WARN_UNGUARDED_AVAILABILITY = YES_AGGRESSIVE;
				CLANG_WARN_UNREACHABLE_CODE = YES;
				CLANG_WARN__DUPLICATE_METHOD_MATCH = YES;
				COPY_PHASE_STRIP = NO;
				DEBUG_INFORMATION_FORMAT = "dwarf-with-dsym";
				ENABLE_NS_ASSERTIONS = NO;
				ENABLE_STRICT_OBJC_MSGSEND = YES;
				GCC_C_LANGUAGE_STANDARD = gnu11;
				GCC_NO_COMMON_BLOCKS = YES;
				GCC_WARN_64_TO_32_BIT_CONVERSION = YES;
				GCC_WARN_ABOUT_RETURN_TYPE = YES_ERROR;
				GCC_WARN_UNDECLARED_SELECTOR = YES;
				GCC_WARN_UNINITIALIZED_AUTOS = YES_AGGRESSIVE;
				GCC_WARN_UNUSED_FUNCTION = YES;
				GCC_WARN_UNUSED_VARIABLE = YES;
				IPHONEOS_DEPLOYMENT_TARGET = 14.4;
				MTL_ENABLE_DEBUG_INFO = NO;
				MTL_FAST_MATH = YES;
				SDKROOT = iphoneos;
				SWIFT_COMPILATION_MODE = wholemodule;
				SWIFT_OPTIMIZATION_LEVEL = "-O";
				VALIDATE_PRODUCT = YES;
			};
			name = Release;
		};
		2D111B43280F004B00D3BC65 /* Debug */ = {
			isa = XCBuildConfiguration;
			buildSettings = {
				ASSETCATALOG_COMPILER_APPICON_NAME = AppIcon;
				ASSETCATALOG_COMPILER_GLOBAL_ACCENT_COLOR_NAME = AccentColor;
				CODE_SIGN_STYLE = Automatic;
				DEVELOPMENT_ASSET_PATHS = "\"ApolloAlpha/Preview Content\"";
				DEVELOPMENT_TEAM = Q4DTTM7PT7;
				ENABLE_PREVIEWS = YES;
				INFOPLIST_FILE = ApolloAlpha/Info.plist;
				LD_RUNPATH_SEARCH_PATHS = (
					"$(inherited)",
					"@executable_path/Frameworks",
				);
				PRODUCT_BUNDLE_IDENTIFIER = com.jacobfranco.ApolloAlpha;
				PRODUCT_NAME = "$(TARGET_NAME)";
				SWIFT_VERSION = 5.0;
				TARGETED_DEVICE_FAMILY = "1,2";
			};
			name = Debug;
		};
		2D111B44280F004B00D3BC65 /* Release */ = {
			isa = XCBuildConfiguration;
			buildSettings = {
				ASSETCATALOG_COMPILER_APPICON_NAME = AppIcon;
				ASSETCATALOG_COMPILER_GLOBAL_ACCENT_COLOR_NAME = AccentColor;
				CODE_SIGN_STYLE = Automatic;
				DEVELOPMENT_ASSET_PATHS = "\"ApolloAlpha/Preview Content\"";
				DEVELOPMENT_TEAM = Q4DTTM7PT7;
				ENABLE_PREVIEWS = YES;
				INFOPLIST_FILE = ApolloAlpha/Info.plist;
				LD_RUNPATH_SEARCH_PATHS = (
					"$(inherited)",
					"@executable_path/Frameworks",
				);
				PRODUCT_BUNDLE_IDENTIFIER = com.jacobfranco.ApolloAlpha;
				PRODUCT_NAME = "$(TARGET_NAME)";
				SWIFT_VERSION = 5.0;
				TARGETED_DEVICE_FAMILY = "1,2";
			};
			name = Release;
		};
/* End XCBuildConfiguration section */

/* Begin XCConfigurationList section */
		2D111B26280F004000D3BC65 /* Build configuration list for PBXProject "ApolloAlpha" */ = {
			isa = XCConfigurationList;
			buildConfigurations = (
				2D111B40280F004B00D3BC65 /* Debug */,
				2D111B41280F004B00D3BC65 /* Release */,
			);
			defaultConfigurationIsVisible = 0;
			defaultConfigurationName = Release;
		};
		2D111B42280F004B00D3BC65 /* Build configuration list for PBXNativeTarget "ApolloAlpha" */ = {
			isa = XCConfigurationList;
			buildConfigurations = (
				2D111B43280F004B00D3BC65 /* Debug */,
				2D111B44280F004B00D3BC65 /* Release */,
			);
			defaultConfigurationIsVisible = 0;
			defaultConfigurationName = Release;
		};
/* End XCConfigurationList section */

/* Begin XCVersionGroup section */
		2D111B34280F004000D3BC65 /* ApolloAlpha.xcdatamodeld */ = {
			isa = XCVersionGroup;
			children = (
				2D111B35280F004000D3BC65 /* ApolloAlpha.xcdatamodel */,
			);
			currentVersion = 2D111B35280F004000D3BC65 /* ApolloAlpha.xcdatamodel */;
			path = ApolloAlpha.xcdatamodeld;
			sourceTree = "<group>";
			versionGroupType = wrapper.xcdatamodel;
		};
/* End XCVersionGroup section */
	};
	rootObject = 2D111B23280F004000D3BC65 /* Project object */;
}
